
Microsoft Visual Studio Solution File, Format Version 12.00
# Visual Studio Version 17
VisualStudioVersion = 17.10.35013.160
MinimumVisualStudioVersion = 10.0.40219.1
Project("{FAE04EC0-301F-11D3-BF4B-00C04F79EFBC}") = "Taxi", "Taxi\Taxi.csproj", "{39978707-3BE3-4725-8873-7DE6E4163B9D}"
EndProject
Global
	GlobalSection(SolutionConfigurationPlatforms) = preSolution
		Debug|Any CPU = Debug|Any CPU
		Release|Any CPU = Release|Any CPU
	EndGlobalSection
	GlobalSection(ProjectConfigurationPlatforms) = postSolution
		{39978707-3BE3-4725-8873-7DE6E4163B9D}.Debug|Any CPU.ActiveCfg = Debug|Any CPU
		{39978707-3BE3-4725-8873-7DE6E4163B9D}.Debug|Any CPU.Build.0 = Debug|Any CPU
		{39978707-3BE3-4725-8873-7DE6E4163B9D}.Release|Any CPU.ActiveCfg = Release|Any CPU
		{39978707-3BE3-4725-8873-7DE6E4163B9D}.Release|Any CPU.Build.0 = Release|Any CPU
	EndGlobalSection
	GlobalSection(SolutionProperties) = preSolution
		HideSolutionNode = FALSE
	EndGlobalSection
	GlobalSection(ExtensibilityGlobals) = postSolution
		SolutionGuid = {95C6E101-60D7-47E2-A0F5-500E0437DB32}
	EndGlobalSection
EndGlobal
